
Microsoft Visual Studio Solution File, Format Version 12.00
# Visual Studio 14
VisualStudioVersion = 14.0.25123.0
MinimumVisualStudioVersion = 10.0.40219.1
Project("{FAE04EC0-301F-11D3-BF4B-00C04F79EFBC}") = "SuperAdventure", "SuperAdventure\SuperAdventure.csproj", "{F70DE1C5-A910-42AB-94A0-763C4A49A169}"
EndProject
Project("{FAE04EC0-301F-11D3-BF4B-00C04F79EFBC}") = "Engine", "Engine\Engine.csproj", "{F5C68D7C-9AAB-4647-A239-5D9EC2FAC2EE}"
EndProject
Global
	GlobalSection(SolutionConfigurationPlatforms) = preSolution
		Debug|Any CPU = Debug|Any CPU
		Release|Any CPU = Release|Any CPU
	EndGlobalSection
	GlobalSection(ProjectConfigurationPlatforms) = postSolution
		{F70DE1C5-A910-42AB-94A0-763C4A49A169}.Debug|Any CPU.ActiveCfg = Debug|Any CPU
		{F70DE1C5-A910-42AB-94A0-763C4A49A169}.Debug|Any CPU.Build.0 = Debug|Any CPU
		{F70DE1C5-A910-42AB-94A0-763C4A49A169}.Release|Any CPU.ActiveCfg = Release|Any CPU
		{F70DE1C5-A910-42AB-94A0-763C4A49A169}.Release|Any CPU.Build.0 = Release|Any CPU
		{F5C68D7C-9AAB-4647-A239-5D9EC2FAC2EE}.Debug|Any CPU.ActiveCfg = Debug|Any CPU
		{F5C68D7C-9AAB-4647-A239-5D9EC2FAC2EE}.Debug|Any CPU.Build.0 = Debug|Any CPU
		{F5C68D7C-9AAB-4647-A239-5D9EC2FAC2EE}.Release|Any CPU.ActiveCfg = Release|Any CPU
		{F5C68D7C-9AAB-4647-A239-5D9EC2FAC2EE}.Release|Any CPU.Build.0 = Release|Any CPU
	EndGlobalSection
	GlobalSection(SolutionProperties) = preSolution
		HideSolutionNode = FALSE
	EndGlobalSection
EndGlobal
